{
  "version": 4,
  "terraform_version": "1.8.3",
  "serial": 1,
  "lineage": "3e07be46-90e5-2179-f56e-e750c1b1c4cd",
  "outputs": {},
  "resources": [
    {
      "mode": "managed",
      "type": "spotify_playlist",
      "name": "Bollerwagen",
      "provider": "provider[\"registry.terraform.io/conradludgate/spotify\"]",
      "instances": [
        {
          "schema_version": 0,
          "attributes": {
            "description": null,
            "id": "345IAzxW7JtoJJrVx4CmWT",
            "name": "Bollerwagen",
            "public": true,
            "snapshot_id": "AAAAAhkFFxkKiHzQ+YPfhYOo2jVk+SuA",
            "tracks": [
              "7DB85VotY9JdyCVXSovMGf"
            ]
          },
          "sensitive_attributes": [],
          "private": "bnVsbA=="
        }
      ]
    }
  ],
  "check_results": null
}
